// !$*UTF8*$!
{
	archiveVersion = 1;
	classes = {
	};
	objectVersion = 50;
	objects = {

/* Begin PBXBuildFile section */
		CCB676BE26E209D60008A3BA /* AppDelegate.swift in Sources */ = {isa = PBXBuildFile; fileRef = CCB676BD26E209D60008A3BA /* AppDelegate.swift */; };
		CCB676C026E209D60008A3BA /* SceneDelegate.swift in Sources */ = {isa = PBXBuildFile; fileRef = CCB676BF26E209D60008A3BA /* SceneDelegate.swift */; };
		CCB676C226E209D60008A3BA /* ViewController.swift in Sources */ = {isa = PBXBuildFile; fileRef = CCB676C126E209D60008A3BA /* ViewController.swift */; };
		CCB676C526E209D60008A3BA /* Main.storyboard in Resources */ = {isa = PBXBuildFile; fileRef = CCB676C326E209D60008A3BA /* Main.storyboard */; };
		CCB676C726E209D70008A3BA /* Assets.xcassets in Resources */ = {isa = PBXBuildFile; fileRef = CCB676C626E209D70008A3BA /* Assets.xcassets */; };
		CCB676CA26E209D70008A3BA /* LaunchScreen.storyboard in Resources */ = {isa = PBXBuildFile; fileRef = CCB676C826E209D70008A3BA /* LaunchScreen.storyboard */; };
		CCB676D426E20AB00008A3BA /* FilterStrategy.swift in Sources */ = {isa = PBXBuildFile; fileRef = CCB676D326E20AB00008A3BA /* FilterStrategy.swift */; };
		CCB676D926E20AD00008A3BA /* Phone.swift in Sources */ = {isa = PBXBuildFile; fileRef = CCB676D826E20AD00008A3BA /* Phone.swift */; };
		CCB676DC26E214150008A3BA /* Specification.swift in Sources */ = {isa = PBXBuildFile; fileRef = CCB676DB26E214150008A3BA /* Specification.swift */; };
/* End PBXBuildFile section */

/* Begin PBXFileReference section */
		CCB676BA26E209D60008A3BA /* MultiselectFilter.app */ = {isa = PBXFileReference; explicitFileType = wrapper.application; includeInIndex = 0; path = MultiselectFilter.app; sourceTree = BUILT_PRODUCTS_DIR; };
		CCB676BD26E209D60008A3BA /* AppDelegate.swift */ = {isa = PBXFileReference; lastKnownFileType = sourcecode.swift; path = AppDelegate.swift; sourceTree = "<group>"; };
		CCB676BF26E209D60008A3BA /* SceneDelegate.swift */ = {isa = PBXFileReference; lastKnownFileType = sourcecode.swift; path = SceneDelegate.swift; sourceTree = "<group>"; };
		CCB676C126E209D60008A3BA /* ViewController.swift */ = {isa = PBXFileReference; lastKnownFileType = sourcecode.swift; path = ViewController.swift; sourceTree = "<group>"; };
		CCB676C426E209D60008A3BA /* Base */ = {isa = PBXFileReference; lastKnownFileType = file.storyboard; name = Base; path = Base.lproj/Main.storyboard; sourceTree = "<group>"; };
		CCB676C626E209D70008A3BA /* Assets.xcassets */ = {isa = PBXFileReference; lastKnownFileType = folder.assetcatalog; path = Assets.xcassets; sourceTree = "<group>"; };
		CCB676C926E209D70008A3BA /* Base */ = {isa = PBXFileReference; lastKnownFileType = file.storyboard; name = Base; path = Base.lproj/LaunchScreen.storyboard; sourceTree = "<group>"; };
		CCB676CB26E209D70008A3BA /* Info.plist */ = {isa = PBXFileReference; lastKnownFileType = text.plist.xml; path = Info.plist; sourceTree = "<group>"; };
		CCB676D326E20AB00008A3BA /* FilterStrategy.swift */ = {isa = PBXFileReference; lastKnownFileType = sourcecode.swift; path = FilterStrategy.swift; sourceTree = "<group>"; };
		CCB676D826E20AD00008A3BA /* Phone.swift */ = {isa = PBXFileReference; lastKnownFileType = sourcecode.swift; path = Phone.swift; sourceTree = "<group>"; };
		CCB676DB26E214150008A3BA /* Specification.swift */ = {isa = PBXFileReference; lastKnownFileType = sourcecode.swift; path = Specification.swift; sourceTree = "<group>"; };
/* End PBXFileReference section */

/* Begin PBXFrameworksBuildPhase section */
		CCB676B726E209D60008A3BA /* Frameworks */ = {
			isa = PBXFrameworksBuildPhase;
			buildActionMask = 2147483647;
			files = (
			);
			runOnlyForDeploymentPostprocessing = 0;
		};
/* End PBXFrameworksBuildPhase section */

/* Begin PBXGroup section */
		CCB676B126E209D60008A3BA = {
			isa = PBXGroup;
			children = (
				CCB676BC26E209D60008A3BA /* MultiselectFilter */,
				CCB676BB26E209D60008A3BA /* Products */,
			);
			sourceTree = "<group>";
		};
		CCB676BB26E209D60008A3BA /* Products */ = {
			isa = PBXGroup;
			children = (
				CCB676BA26E209D60008A3BA /* MultiselectFilter.app */,
			);
			name = Products;
			sourceTree = "<group>";
		};
		CCB676BC26E209D60008A3BA /* MultiselectFilter */ = {
			isa = PBXGroup;
			children = (
				CCB676D726E20AC50008A3BA /* Model */,
				CCB676D226E20A6A0008A3BA /* Filter */,
				CCB676BD26E209D60008A3BA /* AppDelegate.swift */,
				CCB676BF26E209D60008A3BA /* SceneDelegate.swift */,
				CCB676C126E209D60008A3BA /* ViewController.swift */,
				CCB676C326E209D60008A3BA /* Main.storyboard */,
				CCB676C626E209D70008A3BA /* Assets.xcassets */,
				CCB676C826E209D70008A3BA /* LaunchScreen.storyboard */,
				CCB676CB26E209D70008A3BA /* Info.plist */,
			);
			path = MultiselectFilter;
			sourceTree = "<group>";
		};
		CCB676D226E20A6A0008A3BA /* Filter */ = {
			isa = PBXGroup;
			children = (
				CCB676D326E20AB00008A3BA /* FilterStrategy.swift */,
			);
			path = Filter;
			sourceTree = "<group>";
		};
		CCB676D726E20AC50008A3BA /* Model */ = {
			isa = PBXGroup;
			children = (
				CCB676D826E20AD00008A3BA /* Phone.swift */,
				CCB676DB26E214150008A3BA /* Specification.swift */,
			);
			path = Model;
			sourceTree = "<group>";
		};
/* End PBXGroup section */

/* Begin PBXNativeTarget section */
		CCB676B926E209D60008A3BA /* MultiselectFilter */ = {
			isa = PBXNativeTarget;
			buildConfigurationList = CCB676CE26E209D70008A3BA /* Build configuration list for PBXNativeTarget "MultiselectFilter" */;
			buildPhases = (
				CCB676B626E209D60008A3BA /* Sources */,
				CCB676B726E209D60008A3BA /* Frameworks */,
				CCB676B826E209D60008A3BA /* Resources */,
			);
			buildRules = (
			);
			dependencies = (
			);
			name = MultiselectFilter;
			productName = MultiselectFilter;
			productReference = CCB676BA26E209D60008A3BA /* MultiselectFilter.app */;
			productType = "com.apple.product-type.application";
		};
/* End PBXNativeTarget section */

/* Begin PBXProject section */
		CCB676B226E209D60008A3BA /* Project object */ = {
			isa = PBXProject;
			attributes = {
				LastSwiftUpdateCheck = 1210;
				LastUpgradeCheck = 1210;
				TargetAttributes = {
					CCB676B926E209D60008A3BA = {
						CreatedOnToolsVersion = 12.1;
					};
				};
			};
			buildConfigurationList = CCB676B526E209D60008A3BA /* Build configuration list for PBXProject "MultiselectFilter" */;
			compatibilityVersion = "Xcode 9.3";
			developmentRegion = en;
			hasScannedForEncodings = 0;
			knownRegions = (
				en,
				Base,
			);
			mainGroup = CCB676B126E209D60008A3BA;
			productRefGroup = CCB676BB26E209D60008A3BA /* Products */;
			projectDirPath = "";
			projectRoot = "";
			targets = (
				CCB676B926E209D60008A3BA /* MultiselectFilter */,
			);
		};
/* End PBXProject section */

/* Begin PBXResourcesBuildPhase section */
		CCB676B826E209D60008A3BA /* Resources */ = {
			isa = PBXResourcesBuildPhase;
			buildActionMask = 2147483647;
			files = (
				CCB676CA26E209D70008A3BA /* LaunchScreen.storyboard in Resources */,
				CCB676C726E209D70008A3BA /* Assets.xcassets in Resources */,
				CCB676C526E209D60008A3BA /* Main.storyboard in Resources */,
			);
			runOnlyForDeploymentPostprocessing = 0;
		};
/* End PBXResourcesBuildPhase section */

/* Begin PBXSourcesBuildPhase section */
		CCB676B626E209D60008A3BA /* Sources */ = {
			isa = PBXSourcesBuildPhase;
			buildActionMask = 2147483647;
			files = (
				CCB676D926E20AD00008A3BA /* Phone.swift in Sources */,
				CCB676D426E20AB00008A3BA /* FilterStrategy.swift in Sources */,
				CCB676C226E209D60008A3BA /* ViewController.swift in Sources */,
				CCB676DC26E214150008A3BA /* Specification.swift in Sources */,
				CCB676BE26E209D60008A3BA /* AppDelegate.swift in Sources */,
				CCB676C026E209D60008A3BA /* SceneDelegate.swift in Sources */,
			);
			runOnlyForDeploymentPostprocessing = 0;
		};
/* End PBXSourcesBuildPhase section */

/* Begin PBXVariantGroup section */
		CCB676C326E209D60008A3BA /* Main.storyboard */ = {
			isa = PBXVariantGroup;
			children = (
				CCB676C426E209D60008A3BA /* Base */,
			);
			name = Main.storyboard;
			sourceTree = "<group>";
		};
		CCB676C826E209D70008A3BA /* LaunchScreen.storyboard */ = {
			isa = PBXVariantGroup;
			children = (
				CCB676C926E209D70008A3BA /* Base */,
			);
			name = LaunchScreen.storyboard;
			sourceTree = "<group>";
		};
/* End PBXVariantGroup section */

/* Begin XCBuildConfiguration section */
		CCB676CC26E209D70008A3BA /* Debug */ = {
			isa = XCBuildConfiguration;
			buildSettings = {
				ALWAYS_SEARCH_USER_PATHS = NO;
				CLANG_ANALYZER_NONNULL = YES;
				CLANG_ANALYZER_NUMBER_OBJECT_CONVERSION = YES_AGGRESSIVE;
				CLANG_CXX_LANGUAGE_STANDARD = "gnu++14";
				CLANG_CXX_LIBRARY = "libc++";
				CLANG_ENABLE_MODULES = YES;
				CLANG_ENABLE_OBJC_ARC = YES;
				CLANG_ENABLE_OBJC_WEAK = YES;
				CLANG_WARN_BLOCK_CAPTURE_AUTORELEASING = YES;
				CLANG_WARN_BOOL_CONVERSION = YES;
				CLANG_WARN_COMMA = YES;
				CLANG_WARN_CONSTANT_CONVERSION = YES;
				CLANG_WARN_DEPRECATED_OBJC_IMPLEMENTATIONS = YES;
				CLANG_WARN_DIRECT_OBJC_ISA_USAGE = YES_ERROR;
				CLANG_WARN_DOCUMENTATION_COMMENTS = YES;
				CLANG_WARN_EMPTY_BODY = YES;
				CLANG_WARN_ENUM_CONVERSION = YES;
				CLANG_WARN_INFINITE_RECURSION = YES;
				CLANG_WARN_INT_CONVERSION = YES;
				CLANG_WARN_NON_LITERAL_NULL_CONVERSION = YES;
				CLANG_WARN_OBJC_IMPLICIT_RETAIN_SELF = YES;
				CLANG_WARN_OBJC_LITERAL_CONVERSION = YES;
				CLANG_WARN_OBJC_ROOT_CLASS = YES_ERROR;
				CLANG_WARN_QUOTED_INCLUDE_IN_FRAMEWORK_HEADER = YES;
				CLANG_WARN_RANGE_LOOP_ANALYSIS = YES;
				CLANG_WARN_STRICT_PROTOTYPES = YES;
				CLANG_WARN_SUSPICIOUS_MOVE = YES;
				CLANG_WARN_UNGUARDED_AVAILABILITY = YES_AGGRESSIVE;
				CLANG_WARN_UNREACHABLE_CODE = YES;
				CLANG_WARN__DUPLICATE_METHOD_MATCH = YES;
				COPY_PHASE_STRIP = NO;
				DEBUG_INFORMATION_FORMAT = dwarf;
				ENABLE_STRICT_OBJC_MSGSEND = YES;
				ENABLE_TESTABILITY = YES;
				GCC_C_LANGUAGE_STANDARD = gnu11;
				GCC_DYNAMIC_NO_PIC = NO;
				GCC_NO_COMMON_BLOCKS = YES;
				GCC_OPTIMIZATION_LEVEL = 0;
				GCC_PREPROCESSOR_DEFINITIONS = (
					"DEBUG=1",
					"$(inherited)",
				);
				GCC_WARN_64_TO_32_BIT_CONVERSION = YES;
				GCC_WARN_ABOUT_RETURN_TYPE = YES_ERROR;
				GCC_WARN_UNDECLARED_SELECTOR = YES;
				GCC_WARN_UNINITIALIZED_AUTOS = YES_AGGRESSIVE;
				GCC_WARN_UNUSED_FUNCTION = YES;
				GCC_WARN_UNUSED_VARIABLE = YES;
				IPHONEOS_DEPLOYMENT_TARGET = 14.1;
				MTL_ENABLE_DEBUG_INFO = INCLUDE_SOURCE;
				MTL_FAST_MATH = YES;
				ONLY_ACTIVE_ARCH = YES;
				SDKROOT = iphoneos;
				SWIFT_ACTIVE_COMPILATION_CONDITIONS = DEBUG;
				SWIFT_OPTIMIZATION_LEVEL = "-Onone";
			};
			name = Debug;
		};
		CCB676CD26E209D70008A3BA /* Release */ = {
			isa = XCBuildConfiguration;
			buildSettings = {
				ALWAYS_SEARCH_USER_PATHS = NO;
				CLANG_ANALYZER_NONNULL = YES;
				CLANG_ANALYZER_NUMBER_OBJECT_CONVERSION = YES_AGGRESSIVE;
				CLANG_CXX_LANGUAGE_STANDARD = "gnu++14";
				CLANG_CXX_LIBRARY = "libc++";
				CLANG_ENABLE_MODULES = YES;
				CLANG_ENABLE_OBJC_ARC = YES;
				CLANG_ENABLE_OBJC_WEAK = YES;
				CLANG_WARN_BLOCK_CAPTURE_AUTORELEASING = YES;
				CLANG_WARN_BOOL_CONVERSION = YES;
				CLANG_WARN_COMMA = YES;
				CLANG_WARN_CONSTANT_CONVERSION = YES;
				CLANG_WARN_DEPRECATED_OBJC_IMPLEMENTATIONS = YES;
				CLANG_WARN_DIRECT_OBJC_ISA_USAGE = YES_ERROR;
				CLANG_WARN_DOCUMENTATION_COMMENTS = YES;
				CLANG_WARN_EMPTY_BODY = YES;
				CLANG_WARN_ENUM_CONVERSION = YES;
				CLANG_WARN_INFINITE_RECURSION = YES;
				CLANG_WARN_INT_CONVERSION = YES;
				CLANG_WARN_NON_LITERAL_NULL_CONVERSION = YES;
				CLANG_WARN_OBJC_IMPLICIT_RETAIN_SELF = YES;
				CLANG_WARN_OBJC_LITERAL_CONVERSION = YES;
				CLANG_WARN_OBJC_ROOT_CLASS = YES_ERROR;
				CLANG_WARN_QUOTED_INCLUDE_IN_FRAMEWORK_HEADER = YES;
				CLANG_WARN_RANGE_LOOP_ANALYSIS = YES;
				CLANG_WARN_STRICT_PROTOTYPES = YES;
				CLANG_WARN_SUSPICIOUS_MOVE = YES;
				CLANG_WARN_UNGUARDED_AVAILABILITY = YES_AGGRESSIVE;
				CLANG_WARN_UNREACHABLE_CODE = YES;
				CLANG_WARN__DUPLICATE_METHOD_MATCH = YES;
				COPY_PHASE_STRIP = NO;
				DEBUG_INFORMATION_FORMAT = "dwarf-with-dsym";
				ENABLE_NS_ASSERTIONS = NO;
				ENABLE_STRICT_OBJC_MSGSEND = YES;
				GCC_C_LANGUAGE_STANDARD = gnu11;
				GCC_NO_COMMON_BLOCKS = YES;
				GCC_WARN_64_TO_32_BIT_CONVERSION = YES;
				GCC_WARN_ABOUT_RETURN_TYPE = YES_ERROR;
				GCC_WARN_UNDECLARED_SELECTOR = YES;
				GCC_WARN_UNINITIALIZED_AUTOS = YES_AGGRESSIVE;
				GCC_WARN_UNUSED_FUNCTION = YES;
				GCC_WARN_UNUSED_VARIABLE = YES;
				IPHONEOS_DEPLOYMENT_TARGET = 14.1;
				MTL_ENABLE_DEBUG_INFO = NO;
				MTL_FAST_MATH = YES;
				SDKROOT = iphoneos;
				SWIFT_COMPILATION_MODE = wholemodule;
				SWIFT_OPTIMIZATION_LEVEL = "-O";
				VALIDATE_PRODUCT = YES;
			};
			name = Release;
		};
		CCB676CF26E209D70008A3BA /* Debug */ = {
			isa = XCBuildConfiguration;
			buildSettings = {
				ASSETCATALOG_COMPILER_APPICON_NAME = AppIcon;
				ASSETCATALOG_COMPILER_GLOBAL_ACCENT_COLOR_NAME = AccentColor;
				CODE_SIGN_STYLE = Automatic;
				DEVELOPMENT_TEAM = 2JY7W272GQ;
				INFOPLIST_FILE = MultiselectFilter/Info.plist;
				LD_RUNPATH_SEARCH_PATHS = (
					"$(inherited)",
					"@executable_path/Frameworks",
				);
				PRODUCT_BUNDLE_IDENTIFIER = com.rodionartyukhin.MultiselectFilter;
				PRODUCT_NAME = "$(TARGET_NAME)";
				SWIFT_VERSION = 5.0;
				TARGETED_DEVICE_FAMILY = "1,2";
			};
			name = Debug;
		};
		CCB676D026E209D70008A3BA /* Release */ = {
			isa = XCBuildConfiguration;
			buildSettings = {
				ASSETCATALOG_COMPILER_APPICON_NAME = AppIcon;
				ASSETCATALOG_COMPILER_GLOBAL_ACCENT_COLOR_NAME = AccentColor;
				CODE_SIGN_STYLE = Automatic;
				DEVELOPMENT_TEAM = 2JY7W272GQ;
				INFOPLIST_FILE = MultiselectFilter/Info.plist;
				LD_RUNPATH_SEARCH_PATHS = (
					"$(inherited)",
					"@executable_path/Frameworks",
				);
				PRODUCT_BUNDLE_IDENTIFIER = com.rodionartyukhin.MultiselectFilter;
				PRODUCT_NAME = "$(TARGET_NAME)";
				SWIFT_VERSION = 5.0;
				TARGETED_DEVICE_FAMILY = "1,2";
			};
			name = Release;
		};
/* End XCBuildConfiguration section */

/* Begin XCConfigurationList section */
		CCB676B526E209D60008A3BA /* Build configuration list for PBXProject "MultiselectFilter" */ = {
			isa = XCConfigurationList;
			buildConfigurations = (
				CCB676CC26E209D70008A3BA /* Debug */,
				CCB676CD26E209D70008A3BA /* Release */,
			);
			defaultConfigurationIsVisible = 0;
			defaultConfigurationName = Release;
		};
		CCB676CE26E209D70008A3BA /* Build configuration list for PBXNativeTarget "MultiselectFilter" */ = {
			isa = XCConfigurationList;
			buildConfigurations = (
				CCB676CF26E209D70008A3BA /* Debug */,
				CCB676D026E209D70008A3BA /* Release */,
			);
			defaultConfigurationIsVisible = 0;
			defaultConfigurationName = Release;
		};
/* End XCConfigurationList section */
	};
	rootObject = CCB676B226E209D60008A3BA /* Project object */;
}
